
Microsoft Visual Studio Solution File, Format Version 12.00
# Visual Studio Version 16
VisualStudioVersion = 16.0.31321.278
MinimumVisualStudioVersion = 10.0.40219.1
Project("{FAE04EC0-301F-11D3-BF4B-00C04F79EFBC}") = "Praticas", "Praticas\Praticas.csproj", "{A84C495A-6FE8-41C4-8A4B-8C384FDAC37D}"
EndProject
Global
	GlobalSection(SolutionConfigurationPlatforms) = preSolution
		Debug|Any CPU = Debug|Any CPU
		Release|Any CPU = Release|Any CPU
	EndGlobalSection
	GlobalSection(ProjectConfigurationPlatforms) = postSolution
		{A84C495A-6FE8-41C4-8A4B-8C384FDAC37D}.Debug|Any CPU.ActiveCfg = Debug|Any CPU
		{A84C495A-6FE8-41C4-8A4B-8C384FDAC37D}.Debug|Any CPU.Build.0 = Debug|Any CPU
		{A84C495A-6FE8-41C4-8A4B-8C384FDAC37D}.Release|Any CPU.ActiveCfg = Release|Any CPU
		{A84C495A-6FE8-41C4-8A4B-8C384FDAC37D}.Release|Any CPU.Build.0 = Release|Any CPU
	EndGlobalSection
	GlobalSection(SolutionProperties) = preSolution
		HideSolutionNode = FALSE
	EndGlobalSection
	GlobalSection(ExtensibilityGlobals) = postSolution
		SolutionGuid = {068F67F1-9A25-42E2-8C17-E29773337F36}
	EndGlobalSection
EndGlobal
