
Microsoft Visual Studio Solution File, Format Version 12.00
# Visual Studio Version 16
VisualStudioVersion = 16.0.31515.178
MinimumVisualStudioVersion = 10.0.40219.1
Project("{9A19103F-16F7-4668-BE54-9A1E7A4F7556}") = "CursoMVC", "CursoMVC\CursoMVC.csproj", "{6B0D8CDE-E3C7-48A7-A08F-BB72CD8C98BF}"
EndProject
Project("{9A19103F-16F7-4668-BE54-9A1E7A4F7556}") = "Curso_Api", "Curso_Api\Curso_Api.csproj", "{E4BFC2BB-1E3F-48A4-B3B2-C5E5C5290FF6}"
EndProject
Global
	GlobalSection(SolutionConfigurationPlatforms) = preSolution
		Debug|Any CPU = Debug|Any CPU
		Release|Any CPU = Release|Any CPU
	EndGlobalSection
	GlobalSection(ProjectConfigurationPlatforms) = postSolution
		{6B0D8CDE-E3C7-48A7-A08F-BB72CD8C98BF}.Debug|Any CPU.ActiveCfg = Debug|Any CPU
		{6B0D8CDE-E3C7-48A7-A08F-BB72CD8C98BF}.Debug|Any CPU.Build.0 = Debug|Any CPU
		{6B0D8CDE-E3C7-48A7-A08F-BB72CD8C98BF}.Release|Any CPU.ActiveCfg = Release|Any CPU
		{6B0D8CDE-E3C7-48A7-A08F-BB72CD8C98BF}.Release|Any CPU.Build.0 = Release|Any CPU
		{E4BFC2BB-1E3F-48A4-B3B2-C5E5C5290FF6}.Debug|Any CPU.ActiveCfg = Debug|Any CPU
		{E4BFC2BB-1E3F-48A4-B3B2-C5E5C5290FF6}.Debug|Any CPU.Build.0 = Debug|Any CPU
		{E4BFC2BB-1E3F-48A4-B3B2-C5E5C5290FF6}.Release|Any CPU.ActiveCfg = Release|Any CPU
		{E4BFC2BB-1E3F-48A4-B3B2-C5E5C5290FF6}.Release|Any CPU.Build.0 = Release|Any CPU
	EndGlobalSection
	GlobalSection(SolutionProperties) = preSolution
		HideSolutionNode = FALSE
	EndGlobalSection
	GlobalSection(ExtensibilityGlobals) = postSolution
		SolutionGuid = {61CF5DB4-1AD5-499F-9698-0D00ACD294E8}
	EndGlobalSection
EndGlobal
